
Microsoft Visual Studio Solution File, Format Version 12.00
# Visual Studio Version 17
VisualStudioVersion = 17.7.34009.444
MinimumVisualStudioVersion = 10.0.40219.1
Project("{FAE04EC0-301F-11D3-BF4B-00C04F79EFBC}") = "StockCZ", "StockCZ\StockCZ.csproj", "{FFDAEA54-0CBA-4F40-9C0F-E465CE28C6D2}"
EndProject
Global
	GlobalSection(SolutionConfigurationPlatforms) = preSolution
		Debug|Any CPU = Debug|Any CPU
		Release|Any CPU = Release|Any CPU
	EndGlobalSection
	GlobalSection(ProjectConfigurationPlatforms) = postSolution
		{FFDAEA54-0CBA-4F40-9C0F-E465CE28C6D2}.Debug|Any CPU.ActiveCfg = Debug|Any CPU
		{FFDAEA54-0CBA-4F40-9C0F-E465CE28C6D2}.Debug|Any CPU.Build.0 = Debug|Any CPU
		{FFDAEA54-0CBA-4F40-9C0F-E465CE28C6D2}.Release|Any CPU.ActiveCfg = Release|Any CPU
		{FFDAEA54-0CBA-4F40-9C0F-E465CE28C6D2}.Release|Any CPU.Build.0 = Release|Any CPU
	EndGlobalSection
	GlobalSection(SolutionProperties) = preSolution
		HideSolutionNode = FALSE
	EndGlobalSection
	GlobalSection(ExtensibilityGlobals) = postSolution
		SolutionGuid = {D7C15258-D07A-4AF1-8079-C609BC99D86B}
	EndGlobalSection
EndGlobal
